github.com/GingerMoon/m1 v0.0.0-20191118060414-256782a667ed h1:B70mr80riOAuGUMDxpFaYod0G+zDAXfScvJZudoectM=
github.com/GingerMoon/m1 v0.0.0-20191118060414-256782a667ed/go.mod h1:RU30Nhh1cRynOjfvcIG5vQ3svGOpTc3yIq3suUCLURs=
github.com/GingerMoon/m1 v0.0.1 h1:rPnPecXoXjD3L+RqK4jupA0HDUpc+E6v5ZWFPG8c3ew=
github.com/GingerMoon/m1 v0.0.1/go.mod h1:RU30Nhh1cRynOjfvcIG5vQ3svGOpTc3yIq3suUCLURs=
